// !$*UTF8*$!
{
	archiveVersion = 1;
	classes = {
	};
	objectVersion = 46;
	objects = {

/* Begin PBXBuildFile section */
		BFFB0FFD18F894DD00E8636E /* Foundation.framework in Frameworks */ = {isa = PBXBuildFile; fileRef = BFFB0FFC18F894DD00E8636E /* Foundation.framework */; };
		BFFB0FFF18F894DD00E8636E /* CoreGraphics.framework in Frameworks */ = {isa = PBXBuildFile; fileRef = BFFB0FFE18F894DD00E8636E /* CoreGraphics.framework */; };
		BFFB100118F894DD00E8636E /* UIKit.framework in Frameworks */ = {isa = PBXBuildFile; fileRef = BFFB100018F894DD00E8636E /* UIKit.framework */; };
		BFFB100718F894DD00E8636E /* InfoPlist.strings in Resources */ = {isa = PBXBuildFile; fileRef = BFFB100518F894DD00E8636E /* InfoPlist.strings */; };
		BFFB100918F894DD00E8636E /* main.m in Sources */ = {isa = PBXBuildFile; fileRef = BFFB100818F894DD00E8636E /* main.m */; };
		BFFB100D18F894DD00E8636E /* AppDelegate.m in Sources */ = {isa = PBXBuildFile; fileRef = BFFB100C18F894DD00E8636E /* AppDelegate.m */; };
		BFFB101018F894DD00E8636E /* Main.storyboard in Resources */ = {isa = PBXBuildFile; fileRef = BFFB100E18F894DD00E8636E /* Main.storyboard */; };
		BFFB101318F894DD00E8636E /* ViewController.m in Sources */ = {isa = PBXBuildFile; fileRef = BFFB101218F894DD00E8636E /* ViewController.m */; };
		BFFB101518F894DD00E8636E /* Images.xcassets in Resources */ = {isa = PBXBuildFile; fileRef = BFFB101418F894DD00E8636E /* Images.xcassets */; };
		BFFB101C18F894DD00E8636E /* XCTest.framework in Frameworks */ = {isa = PBXBuildFile; fileRef = BFFB101B18F894DD00E8636E /* XCTest.framework */; };
		BFFB101D18F894DD00E8636E /* Foundation.framework in Frameworks */ = {isa = PBXBuildFile; fileRef = BFFB0FFC18F894DD00E8636E /* Foundation.framework */; };
		BFFB101E18F894DD00E8636E /* UIKit.framework in Frameworks */ = {isa = PBXBuildFile; fileRef = BFFB100018F894DD00E8636E /* UIKit.framework */; };
		BFFB102618F894DD00E8636E /* InfoPlist.strings in Resources */ = {isa = PBXBuildFile; fileRef = BFFB102418F894DD00E8636E /* InfoPlist.strings */; };
		BFFB102818F894DD00E8636E /* code_ex2Tests.m in Sources */ = {isa = PBXBuildFile; fileRef = BFFB102718F894DD00E8636E /* code_ex2Tests.m */; };
		BFFB103318F8951300E8636E /* Score.m in Sources */ = {isa = PBXBuildFile; fileRef = BFFB103218F8951300E8636E /* Score.m */; };
/* End PBXBuildFile section */

/* Begin PBXContainerItemProxy section */
		BFFB101F18F894DD00E8636E /* PBXContainerItemProxy */ = {
			isa = PBXContainerItemProxy;
			containerPortal = BFFB0FF118F894DD00E8636E /* Project object */;
			proxyType = 1;
			remoteGlobalIDString = BFFB0FF818F894DD00E8636E;
			remoteInfo = code.ex2;
		};
/* End PBXContainerItemProxy section */

/* Begin PBXFileReference section */
		BFFB0FF918F894DD00E8636E /* code.ex2.app */ = {isa = PBXFileReference; explicitFileType = wrapper.application; includeInIndex = 0; path = code.ex2.app; sourceTree = BUILT_PRODUCTS_DIR; };
		BFFB0FFC18F894DD00E8636E /* Foundation.framework */ = {isa = PBXFileReference; lastKnownFileType = wrapper.framework; name = Foundation.framework; path = System/Library/Frameworks/Foundation.framework; sourceTree = SDKROOT; };
		BFFB0FFE18F894DD00E8636E /* CoreGraphics.framework */ = {isa = PBXFileReference; lastKnownFileType = wrapper.framework; name = CoreGraphics.framework; path = System/Library/Frameworks/CoreGraphics.framework; sourceTree = SDKROOT; };
		BFFB100018F894DD00E8636E /* UIKit.framework */ = {isa = PBXFileReference; lastKnownFileType = wrapper.framework; name = UIKit.framework; path = System/Library/Frameworks/UIKit.framework; sourceTree = SDKROOT; };
		BFFB100418F894DD00E8636E /* code.ex2-Info.plist */ = {isa = PBXFileReference; lastKnownFileType = text.plist.xml; path = "code.ex2-Info.plist"; sourceTree = "<group>"; };
		BFFB100618F894DD00E8636E /* en */ = {isa = PBXFileReference; lastKnownFileType = text.plist.strings; name = en; path = en.lproj/InfoPlist.strings; sourceTree = "<group>"; };
		BFFB100818F894DD00E8636E /* main.m */ = {isa = PBXFileReference; lastKnownFileType = sourcecode.c.objc; path = main.m; sourceTree = "<group>"; };
		BFFB100A18F894DD00E8636E /* code.ex2-Prefix.pch */ = {isa = PBXFileReference; lastKnownFileType = sourcecode.c.h; path = "code.ex2-Prefix.pch"; sourceTree = "<group>"; };
		BFFB100B18F894DD00E8636E /* AppDelegate.h */ = {isa = PBXFileReference; lastKnownFileType = sourcecode.c.h; path = AppDelegate.h; sourceTree = "<group>"; };
		BFFB100C18F894DD00E8636E /* AppDelegate.m */ = {isa = PBXFileReference; lastKnownFileType = sourcecode.c.objc; path = AppDelegate.m; sourceTree = "<group>"; };
		BFFB100F18F894DD00E8636E /* Base */ = {isa = PBXFileReference; lastKnownFileType = file.storyboard; name = Base; path = Base.lproj/Main.storyboard; sourceTree = "<group>"; };
		BFFB101118F894DD00E8636E /* ViewController.h */ = {isa = PBXFileReference; lastKnownFileType = sourcecode.c.h; path = ViewController.h; sourceTree = "<group>"; };
		BFFB101218F894DD00E8636E /* ViewController.m */ = {isa = PBXFileReference; lastKnownFileType = sourcecode.c.objc; path = ViewController.m; sourceTree = "<group>"; };
		BFFB101418F894DD00E8636E /* Images.xcassets */ = {isa = PBXFileReference; lastKnownFileType = folder.assetcatalog; path = Images.xcassets; sourceTree = "<group>"; };
		BFFB101A18F894DD00E8636E /* code.ex2Tests.xctest */ = {isa = PBXFileReference; explicitFileType = wrapper.cfbundle; includeInIndex = 0; path = code.ex2Tests.xctest; sourceTree = BUILT_PRODUCTS_DIR; };
		BFFB101B18F894DD00E8636E /* XCTest.framework */ = {isa = PBXFileReference; lastKnownFileType = wrapper.framework; name = XCTest.framework; path = Library/Frameworks/XCTest.framework; sourceTree = DEVELOPER_DIR; };
		BFFB102318F894DD00E8636E /* code.ex2Tests-Info.plist */ = {isa = PBXFileReference; lastKnownFileType = text.plist.xml; path = "code.ex2Tests-Info.plist"; sourceTree = "<group>"; };
		BFFB102518F894DD00E8636E /* en */ = {isa = PBXFileReference; lastKnownFileType = text.plist.strings; name = en; path = en.lproj/InfoPlist.strings; sourceTree = "<group>"; };
		BFFB102718F894DD00E8636E /* code_ex2Tests.m */ = {isa = PBXFileReference; lastKnownFileType = sourcecode.c.objc; path = code_ex2Tests.m; sourceTree = "<group>"; };
		BFFB103118F8951300E8636E /* Score.h */ = {isa = PBXFileReference; fileEncoding = 4; lastKnownFileType = sourcecode.c.h; path = Score.h; sourceTree = "<group>"; };
		BFFB103218F8951300E8636E /* Score.m */ = {isa = PBXFileReference; fileEncoding = 4; lastKnownFileType = sourcecode.c.objc; path = Score.m; sourceTree = "<group>"; };
/* End PBXFileReference section */

/* Begin PBXFrameworksBuildPhase section */
		BFFB0FF618F894DD00E8636E /* Frameworks */ = {
			isa = PBXFrameworksBuildPhase;
			buildActionMask = 2147483647;
			files = (
				BFFB0FFF18F894DD00E8636E /* CoreGraphics.framework in Frameworks */,
				BFFB100118F894DD00E8636E /* UIKit.framework in Frameworks */,
				BFFB0FFD18F894DD00E8636E /* Foundation.framework in Frameworks */,
			);
			runOnlyForDeploymentPostprocessing = 0;
		};
		BFFB101718F894DD00E8636E /* Frameworks */ = {
			isa = PBXFrameworksBuildPhase;
			buildActionMask = 2147483647;
			files = (
				BFFB101C18F894DD00E8636E /* XCTest.framework in Frameworks */,
				BFFB101E18F894DD00E8636E /* UIKit.framework in Frameworks */,
				BFFB101D18F894DD00E8636E /* Foundation.framework in Frameworks */,
			);
			runOnlyForDeploymentPostprocessing = 0;
		};
/* End PBXFrameworksBuildPhase section */

/* Begin PBXGroup section */
		BFFB0FF018F894DD00E8636E = {
			isa = PBXGroup;
			children = (
				BFFB100218F894DD00E8636E /* code.ex2 */,
				BFFB102118F894DD00E8636E /* code.ex2Tests */,
				BFFB0FFB18F894DD00E8636E /* Frameworks */,
				BFFB0FFA18F894DD00E8636E /* Products */,
			);
			sourceTree = "<group>";
		};
		BFFB0FFA18F894DD00E8636E /* Products */ = {
			isa = PBXGroup;
			children = (
				BFFB0FF918F894DD00E8636E /* code.ex2.app */,
				BFFB101A18F894DD00E8636E /* code.ex2Tests.xctest */,
			);
			name = Products;
			sourceTree = "<group>";
		};
		BFFB0FFB18F894DD00E8636E /* Frameworks */ = {
			isa = PBXGroup;
			children = (
				BFFB0FFC18F894DD00E8636E /* Foundation.framework */,
				BFFB0FFE18F894DD00E8636E /* CoreGraphics.framework */,
				BFFB100018F894DD00E8636E /* UIKit.framework */,
				BFFB101B18F894DD00E8636E /* XCTest.framework */,
			);
			name = Frameworks;
			sourceTree = "<group>";
		};
		BFFB100218F894DD00E8636E /* code.ex2 */ = {
			isa = PBXGroup;
			children = (
				BFFB100B18F894DD00E8636E /* AppDelegate.h */,
				BFFB100C18F894DD00E8636E /* AppDelegate.m */,
				BFFB100E18F894DD00E8636E /* Main.storyboard */,
				BFFB101118F894DD00E8636E /* ViewController.h */,
				BFFB101218F894DD00E8636E /* ViewController.m */,
				BFFB101418F894DD00E8636E /* Images.xcassets */,
				BFFB100318F894DD00E8636E /* Supporting Files */,
				BFFB103118F8951300E8636E /* Score.h */,
				BFFB103218F8951300E8636E /* Score.m */,
			);
			path = code.ex2;
			sourceTree = "<group>";
		};
		BFFB100318F894DD00E8636E /* Supporting Files */ = {
			isa = PBXGroup;
			children = (
				BFFB100418F894DD00E8636E /* code.ex2-Info.plist */,
				BFFB100518F894DD00E8636E /* InfoPlist.strings */,
				BFFB100818F894DD00E8636E /* main.m */,
				BFFB100A18F894DD00E8636E /* code.ex2-Prefix.pch */,
			);
			name = "Supporting Files";
			sourceTree = "<group>";
		};
		BFFB102118F894DD00E8636E /* code.ex2Tests */ = {
			isa = PBXGroup;
			children = (
				BFFB102718F894DD00E8636E /* code_ex2Tests.m */,
				BFFB102218F894DD00E8636E /* Supporting Files */,
			);
			path = code.ex2Tests;
			sourceTree = "<group>";
		};
		BFFB102218F894DD00E8636E /* Supporting Files */ = {
			isa = PBXGroup;
			children = (
				BFFB102318F894DD00E8636E /* code.ex2Tests-Info.plist */,
				BFFB102418F894DD00E8636E /* InfoPlist.strings */,
			);
			name = "Supporting Files";
			sourceTree = "<group>";
		};
/* End PBXGroup section */

/* Begin PBXNativeTarget section */
		BFFB0FF818F894DD00E8636E /* code.ex2 */ = {
			isa = PBXNativeTarget;
			buildConfigurationList = BFFB102B18F894DD00E8636E /* Build configuration list for PBXNativeTarget "code.ex2" */;
			buildPhases = (
				BFFB0FF518F894DD00E8636E /* Sources */,
				BFFB0FF618F894DD00E8636E /* Frameworks */,
				BFFB0FF718F894DD00E8636E /* Resources */,
			);
			buildRules = (
			);
			dependencies = (
			);
			name = code.ex2;
			productName = code.ex2;
			productReference = BFFB0FF918F894DD00E8636E /* code.ex2.app */;
			productType = "com.apple.product-type.application";
		};
		BFFB101918F894DD00E8636E /* code.ex2Tests */ = {
			isa = PBXNativeTarget;
			buildConfigurationList = BFFB102E18F894DD00E8636E /* Build configuration list for PBXNativeTarget "code.ex2Tests" */;
			buildPhases = (
				BFFB101618F894DD00E8636E /* Sources */,
				BFFB101718F894DD00E8636E /* Frameworks */,
				BFFB101818F894DD00E8636E /* Resources */,
			);
			buildRules = (
			);
			dependencies = (
				BFFB102018F894DD00E8636E /* PBXTargetDependency */,
			);
			name = code.ex2Tests;
			productName = code.ex2Tests;
			productReference = BFFB101A18F894DD00E8636E /* code.ex2Tests.xctest */;
			productType = "com.apple.product-type.bundle.unit-test";
		};
/* End PBXNativeTarget section */

/* Begin PBXProject section */
		BFFB0FF118F894DD00E8636E /* Project object */ = {
			isa = PBXProject;
			attributes = {
				LastUpgradeCheck = 0510;
				ORGANIZATIONNAME = masa.com;
				TargetAttributes = {
					BFFB101918F894DD00E8636E = {
						TestTargetID = BFFB0FF818F894DD00E8636E;
					};
				};
			};
			buildConfigurationList = BFFB0FF418F894DD00E8636E /* Build configuration list for PBXProject "code.ex2" */;
			compatibilityVersion = "Xcode 3.2";
			developmentRegion = English;
			hasScannedForEncodings = 0;
			knownRegions = (
				en,
				Base,
			);
			mainGroup = BFFB0FF018F894DD00E8636E;
			productRefGroup = BFFB0FFA18F894DD00E8636E /* Products */;
			projectDirPath = "";
			projectRoot = "";
			targets = (
				BFFB0FF818F894DD00E8636E /* code.ex2 */,
				BFFB101918F894DD00E8636E /* code.ex2Tests */,
			);
		};
/* End PBXProject section */

/* Begin PBXResourcesBuildPhase section */
		BFFB0FF718F894DD00E8636E /* Resources */ = {
			isa = PBXResourcesBuildPhase;
			buildActionMask = 2147483647;
			files = (
				BFFB101518F894DD00E8636E /* Images.xcassets in Resources */,
				BFFB100718F894DD00E8636E /* InfoPlist.strings in Resources */,
				BFFB101018F894DD00E8636E /* Main.storyboard in Resources */,
			);
			runOnlyForDeploymentPostprocessing = 0;
		};
		BFFB101818F894DD00E8636E /* Resources */ = {
			isa = PBXResourcesBuildPhase;
			buildActionMask = 2147483647;
			files = (
				BFFB102618F894DD00E8636E /* InfoPlist.strings in Resources */,
			);
			runOnlyForDeploymentPostprocessing = 0;
		};
/* End PBXResourcesBuildPhase section */

/* Begin PBXSourcesBuildPhase section */
		BFFB0FF518F894DD00E8636E /* Sources */ = {
			isa = PBXSourcesBuildPhase;
			buildActionMask = 2147483647;
			files = (
				BFFB101318F894DD00E8636E /* ViewController.m in Sources */,
				BFFB100D18F894DD00E8636E /* AppDelegate.m in Sources */,
				BFFB103318F8951300E8636E /* Score.m in Sources */,
				BFFB100918F894DD00E8636E /* main.m in Sources */,
			);
			runOnlyForDeploymentPostprocessing = 0;
		};
		BFFB101618F894DD00E8636E /* Sources */ = {
			isa = PBXSourcesBuildPhase;
			buildActionMask = 2147483647;
			files = (
				BFFB102818F894DD00E8636E /* code_ex2Tests.m in Sources */,
			);
			runOnlyForDeploymentPostprocessing = 0;
		};
/* End PBXSourcesBuildPhase section */

/* Begin PBXTargetDependency section */
		BFFB102018F894DD00E8636E /* PBXTargetDependency */ = {
			isa = PBXTargetDependency;
			target = BFFB0FF818F894DD00E8636E /* code.ex2 */;
			targetProxy = BFFB101F18F894DD00E8636E /* PBXContainerItemProxy */;
		};
/* End PBXTargetDependency section */

/* Begin PBXVariantGroup section */
		BFFB100518F894DD00E8636E /* InfoPlist.strings */ = {
			isa = PBXVariantGroup;
			children = (
				BFFB100618F894DD00E8636E /* en */,
			);
			name = InfoPlist.strings;
			sourceTree = "<group>";
		};
		BFFB100E18F894DD00E8636E /* Main.storyboard */ = {
			isa = PBXVariantGroup;
			children = (
				BFFB100F18F894DD00E8636E /* Base */,
			);
			name = Main.storyboard;
			sourceTree = "<group>";
		};
		BFFB102418F894DD00E8636E /* InfoPlist.strings */ = {
			isa = PBXVariantGroup;
			children = (
				BFFB102518F894DD00E8636E /* en */,
			);
			name = InfoPlist.strings;
			sourceTree = "<group>";
		};
/* End PBXVariantGroup section */

/* Begin XCBuildConfiguration section */
		BFFB102918F894DD00E8636E /* Debug */ = {
			isa = XCBuildConfiguration;
			buildSettings = {
				ALWAYS_SEARCH_USER_PATHS = NO;
				CLANG_CXX_LANGUAGE_STANDARD = "gnu++0x";
				CLANG_CXX_LIBRARY = "libc++";
				CLANG_ENABLE_MODULES = YES;
				CLANG_ENABLE_OBJC_ARC = YES;
				CLANG_WARN_BOOL_CONVERSION = YES;
				CLANG_WARN_CONSTANT_CONVERSION = YES;
				CLANG_WARN_DIRECT_OBJC_ISA_USAGE = YES_ERROR;
				CLANG_WARN_EMPTY_BODY = YES;
				CLANG_WARN_ENUM_CONVERSION = YES;
				CLANG_WARN_INT_CONVERSION = YES;
				CLANG_WARN_OBJC_ROOT_CLASS = YES_ERROR;
				CLANG_WARN__DUPLICATE_METHOD_MATCH = YES;
				"CODE_SIGN_IDENTITY[sdk=iphoneos*]" = "iPhone Developer";
				COPY_PHASE_STRIP = NO;
				GCC_C_LANGUAGE_STANDARD = gnu99;
				GCC_DYNAMIC_NO_PIC = NO;
				GCC_OPTIMIZATION_LEVEL = 0;
				GCC_PREPROCESSOR_DEFINITIONS = (
					"DEBUG=1",
					"$(inherited)",
				);
				GCC_SYMBOLS_PRIVATE_EXTERN = NO;
				GCC_WARN_64_TO_32_BIT_CONVERSION = YES;
				GCC_WARN_ABOUT_RETURN_TYPE = YES_ERROR;
				GCC_WARN_UNDECLARED_SELECTOR = YES;
				GCC_WARN_UNINITIALIZED_AUTOS = YES_AGGRESSIVE;
				GCC_WARN_UNUSED_FUNCTION = YES;
				GCC_WARN_UNUSED_VARIABLE = YES;
				IPHONEOS_DEPLOYMENT_TARGET = 7.1;
				ONLY_ACTIVE_ARCH = YES;
				SDKROOT = iphoneos;
			};
			name = Debug;
		};
		BFFB102A18F894DD00E8636E /* Release */ = {
			isa = XCBuildConfiguration;
			buildSettings = {
				ALWAYS_SEARCH_USER_PATHS = NO;
				CLANG_CXX_LANGUAGE_STANDARD = "gnu++0x";
				CLANG_CXX_LIBRARY = "libc++";
				CLANG_ENABLE_MODULES = YES;
				CLANG_ENABLE_OBJC_ARC = YES;
				CLANG_WARN_BOOL_CONVERSION = YES;
				CLANG_WARN_CONSTANT_CONVERSION = YES;
				CLANG_WARN_DIRECT_OBJC_ISA_USAGE = YES_ERROR;
				CLANG_WARN_EMPTY_BODY = YES;
				CLANG_WARN_ENUM_CONVERSION = YES;
				CLANG_WARN_INT_CONVERSION = YES;
				CLANG_WARN_OBJC_ROOT_CLASS = YES_ERROR;
				CLANG_WARN__DUPLICATE_METHOD_MATCH = YES;
				"CODE_SIGN_IDENTITY[sdk=iphoneos*]" = "iPhone Developer";
				COPY_PHASE_STRIP = YES;
				ENABLE_NS_ASSERTIONS = NO;
				GCC_C_LANGUAGE_STANDARD = gnu99;
				GCC_WARN_64_TO_32_BIT_CONVERSION = YES;
				GCC_WARN_ABOUT_RETURN_TYPE = YES_ERROR;
				GCC_WARN_UNDECLARED_SELECTOR = YES;
				GCC_WARN_UNINITIALIZED_AUTOS = YES_AGGRESSIVE;
				GCC_WARN_UNUSED_FUNCTION = YES;
				GCC_WARN_UNUSED_VARIABLE = YES;
				IPHONEOS_DEPLOYMENT_TARGET = 7.1;
				SDKROOT = iphoneos;
				VALIDATE_PRODUCT = YES;
			};
			name = Release;
		};
		BFFB102C18F894DD00E8636E /* Debug */ = {
			isa = XCBuildConfiguration;
			buildSettings = {
				ASSETCATALOG_COMPILER_APPICON_NAME = AppIcon;
				ASSETCATALOG_COMPILER_LAUNCHIMAGE_NAME = LaunchImage;
				GCC_PRECOMPILE_PREFIX_HEADER = YES;
				GCC_PREFIX_HEADER = "code.ex2/code.ex2-Prefix.pch";
				INFOPLIST_FILE = "code.ex2/code.ex2-Info.plist";
				PRODUCT_NAME = "$(TARGET_NAME)";
				WRAPPER_EXTENSION = app;
			};
			name = Debug;
		};
		BFFB102D18F894DD00E8636E /* Release */ = {
			isa = XCBuildConfiguration;
			buildSettings = {
				ASSETCATALOG_COMPILER_APPICON_NAME = AppIcon;
				ASSETCATALOG_COMPILER_LAUNCHIMAGE_NAME = LaunchImage;
				GCC_PRECOMPILE_PREFIX_HEADER = YES;
				GCC_PREFIX_HEADER = "code.ex2/code.ex2-Prefix.pch";
				INFOPLIST_FILE = "code.ex2/code.ex2-Info.plist";
				PRODUCT_NAME = "$(TARGET_NAME)";
				WRAPPER_EXTENSION = app;
			};
			name = Release;
		};
		BFFB102F18F894DD00E8636E /* Debug */ = {
			isa = XCBuildConfiguration;
			buildSettings = {
				BUNDLE_LOADER = "$(BUILT_PRODUCTS_DIR)/code.ex2.app/code.ex2";
				FRAMEWORK_SEARCH_PATHS = (
					"$(SDKROOT)/Developer/Library/Frameworks",
					"$(inherited)",
					"$(DEVELOPER_FRAMEWORKS_DIR)",
				);
				GCC_PRECOMPILE_PREFIX_HEADER = YES;
				GCC_PREFIX_HEADER = "code.ex2/code.ex2-Prefix.pch";
				GCC_PREPROCESSOR_DEFINITIONS = (
					"DEBUG=1",
					"$(inherited)",
				);
				INFOPLIST_FILE = "code.ex2Tests/code.ex2Tests-Info.plist";
				PRODUCT_NAME = "$(TARGET_NAME)";
				TEST_HOST = "$(BUNDLE_LOADER)";
				WRAPPER_EXTENSION = xctest;
			};
			name = Debug;
		};
		BFFB103018F894DD00E8636E /* Release */ = {
			isa = XCBuildConfiguration;
			buildSettings = {
				BUNDLE_LOADER = "$(BUILT_PRODUCTS_DIR)/code.ex2.app/code.ex2";
				FRAMEWORK_SEARCH_PATHS = (
					"$(SDKROOT)/Developer/Library/Frameworks",
					"$(inherited)",
					"$(DEVELOPER_FRAMEWORKS_DIR)",
				);
				GCC_PRECOMPILE_PREFIX_HEADER = YES;
				GCC_PREFIX_HEADER = "code.ex2/code.ex2-Prefix.pch";
				INFOPLIST_FILE = "code.ex2Tests/code.ex2Tests-Info.plist";
				PRODUCT_NAME = "$(TARGET_NAME)";
				TEST_HOST = "$(BUNDLE_LOADER)";
				WRAPPER_EXTENSION = xctest;
			};
			name = Release;
		};
/* End XCBuildConfiguration section */

/* Begin XCConfigurationList section */
		BFFB0FF418F894DD00E8636E /* Build configuration list for PBXProject "code.ex2" */ = {
			isa = XCConfigurationList;
			buildConfigurations = (
				BFFB102918F894DD00E8636E /* Debug */,
				BFFB102A18F894DD00E8636E /* Release */,
			);
			defaultConfigurationIsVisible = 0;
			defaultConfigurationName = Release;
		};
		BFFB102B18F894DD00E8636E /* Build configuration list for PBXNativeTarget "code.ex2" */ = {
			isa = XCConfigurationList;
			buildConfigurations = (
				BFFB102C18F894DD00E8636E /* Debug */,
				BFFB102D18F894DD00E8636E /* Release */,
			);
			defaultConfigurationIsVisible = 0;
		};
		BFFB102E18F894DD00E8636E /* Build configuration list for PBXNativeTarget "code.ex2Tests" */ = {
			isa = XCConfigurationList;
			buildConfigurations = (
				BFFB102F18F894DD00E8636E /* Debug */,
				BFFB103018F894DD00E8636E /* Release */,
			);
			defaultConfigurationIsVisible = 0;
		};
/* End XCConfigurationList section */
	};
	rootObject = BFFB0FF118F894DD00E8636E /* Project object */;
}
