// !$*UTF8*$!
{
	archiveVersion = 1;
	classes = {
	};
	objectVersion = 46;
	objects = {

/* Begin PBXBuildFile section */
		BFFB0F6E18F8847300E8636E /* Foundation.framework in Frameworks */ = {isa = PBXBuildFile; fileRef = BFFB0F6D18F8847300E8636E /* Foundation.framework */; };
		BFFB0F7018F8847300E8636E /* CoreGraphics.framework in Frameworks */ = {isa = PBXBuildFile; fileRef = BFFB0F6F18F8847300E8636E /* CoreGraphics.framework */; };
		BFFB0F7218F8847300E8636E /* UIKit.framework in Frameworks */ = {isa = PBXBuildFile; fileRef = BFFB0F7118F8847300E8636E /* UIKit.framework */; };
		BFFB0F7818F8847300E8636E /* InfoPlist.strings in Resources */ = {isa = PBXBuildFile; fileRef = BFFB0F7618F8847300E8636E /* InfoPlist.strings */; };
		BFFB0F7A18F8847300E8636E /* main.m in Sources */ = {isa = PBXBuildFile; fileRef = BFFB0F7918F8847300E8636E /* main.m */; };
		BFFB0F7E18F8847300E8636E /* XYZAppDelegate.m in Sources */ = {isa = PBXBuildFile; fileRef = BFFB0F7D18F8847300E8636E /* XYZAppDelegate.m */; };
		BFFB0F8118F8847300E8636E /* Main.storyboard in Resources */ = {isa = PBXBuildFile; fileRef = BFFB0F7F18F8847300E8636E /* Main.storyboard */; };
		BFFB0F8418F8847300E8636E /* XYZViewController.m in Sources */ = {isa = PBXBuildFile; fileRef = BFFB0F8318F8847300E8636E /* XYZViewController.m */; };
		BFFB0F8618F8847300E8636E /* Images.xcassets in Resources */ = {isa = PBXBuildFile; fileRef = BFFB0F8518F8847300E8636E /* Images.xcassets */; };
		BFFB0F8D18F8847300E8636E /* XCTest.framework in Frameworks */ = {isa = PBXBuildFile; fileRef = BFFB0F8C18F8847300E8636E /* XCTest.framework */; };
		BFFB0F8E18F8847300E8636E /* Foundation.framework in Frameworks */ = {isa = PBXBuildFile; fileRef = BFFB0F6D18F8847300E8636E /* Foundation.framework */; };
		BFFB0F8F18F8847300E8636E /* UIKit.framework in Frameworks */ = {isa = PBXBuildFile; fileRef = BFFB0F7118F8847300E8636E /* UIKit.framework */; };
		BFFB0F9718F8847300E8636E /* InfoPlist.strings in Resources */ = {isa = PBXBuildFile; fileRef = BFFB0F9518F8847300E8636E /* InfoPlist.strings */; };
		BFFB0F9918F8847300E8636E /* code_ex1Tests.m in Sources */ = {isa = PBXBuildFile; fileRef = BFFB0F9818F8847300E8636E /* code_ex1Tests.m */; };
/* End PBXBuildFile section */

/* Begin PBXContainerItemProxy section */
		BFFB0F9018F8847300E8636E /* PBXContainerItemProxy */ = {
			isa = PBXContainerItemProxy;
			containerPortal = BFFB0F6218F8847300E8636E /* Project object */;
			proxyType = 1;
			remoteGlobalIDString = BFFB0F6918F8847300E8636E;
			remoteInfo = code.ex1;
		};
/* End PBXContainerItemProxy section */

/* Begin PBXFileReference section */
		BFFB0F6A18F8847300E8636E /* code.ex1.app */ = {isa = PBXFileReference; explicitFileType = wrapper.application; includeInIndex = 0; path = code.ex1.app; sourceTree = BUILT_PRODUCTS_DIR; };
		BFFB0F6D18F8847300E8636E /* Foundation.framework */ = {isa = PBXFileReference; lastKnownFileType = wrapper.framework; name = Foundation.framework; path = System/Library/Frameworks/Foundation.framework; sourceTree = SDKROOT; };
		BFFB0F6F18F8847300E8636E /* CoreGraphics.framework */ = {isa = PBXFileReference; lastKnownFileType = wrapper.framework; name = CoreGraphics.framework; path = System/Library/Frameworks/CoreGraphics.framework; sourceTree = SDKROOT; };
		BFFB0F7118F8847300E8636E /* UIKit.framework */ = {isa = PBXFileReference; lastKnownFileType = wrapper.framework; name = UIKit.framework; path = System/Library/Frameworks/UIKit.framework; sourceTree = SDKROOT; };
		BFFB0F7518F8847300E8636E /* code.ex1-Info.plist */ = {isa = PBXFileReference; lastKnownFileType = text.plist.xml; path = "code.ex1-Info.plist"; sourceTree = "<group>"; };
		BFFB0F7718F8847300E8636E /* en */ = {isa = PBXFileReference; lastKnownFileType = text.plist.strings; name = en; path = en.lproj/InfoPlist.strings; sourceTree = "<group>"; };
		BFFB0F7918F8847300E8636E /* main.m */ = {isa = PBXFileReference; lastKnownFileType = sourcecode.c.objc; path = main.m; sourceTree = "<group>"; };
		BFFB0F7B18F8847300E8636E /* code.ex1-Prefix.pch */ = {isa = PBXFileReference; lastKnownFileType = sourcecode.c.h; path = "code.ex1-Prefix.pch"; sourceTree = "<group>"; };
		BFFB0F7C18F8847300E8636E /* XYZAppDelegate.h */ = {isa = PBXFileReference; lastKnownFileType = sourcecode.c.h; path = XYZAppDelegate.h; sourceTree = "<group>"; };
		BFFB0F7D18F8847300E8636E /* XYZAppDelegate.m */ = {isa = PBXFileReference; lastKnownFileType = sourcecode.c.objc; path = XYZAppDelegate.m; sourceTree = "<group>"; };
		BFFB0F8018F8847300E8636E /* Base */ = {isa = PBXFileReference; lastKnownFileType = file.storyboard; name = Base; path = Base.lproj/Main.storyboard; sourceTree = "<group>"; };
		BFFB0F8218F8847300E8636E /* XYZViewController.h */ = {isa = PBXFileReference; lastKnownFileType = sourcecode.c.h; path = XYZViewController.h; sourceTree = "<group>"; };
		BFFB0F8318F8847300E8636E /* XYZViewController.m */ = {isa = PBXFileReference; lastKnownFileType = sourcecode.c.objc; path = XYZViewController.m; sourceTree = "<group>"; };
		BFFB0F8518F8847300E8636E /* Images.xcassets */ = {isa = PBXFileReference; lastKnownFileType = folder.assetcatalog; path = Images.xcassets; sourceTree = "<group>"; };
		BFFB0F8B18F8847300E8636E /* code.ex1Tests.xctest */ = {isa = PBXFileReference; explicitFileType = wrapper.cfbundle; includeInIndex = 0; path = code.ex1Tests.xctest; sourceTree = BUILT_PRODUCTS_DIR; };
		BFFB0F8C18F8847300E8636E /* XCTest.framework */ = {isa = PBXFileReference; lastKnownFileType = wrapper.framework; name = XCTest.framework; path = Library/Frameworks/XCTest.framework; sourceTree = DEVELOPER_DIR; };
		BFFB0F9418F8847300E8636E /* code.ex1Tests-Info.plist */ = {isa = PBXFileReference; lastKnownFileType = text.plist.xml; path = "code.ex1Tests-Info.plist"; sourceTree = "<group>"; };
		BFFB0F9618F8847300E8636E /* en */ = {isa = PBXFileReference; lastKnownFileType = text.plist.strings; name = en; path = en.lproj/InfoPlist.strings; sourceTree = "<group>"; };
		BFFB0F9818F8847300E8636E /* code_ex1Tests.m */ = {isa = PBXFileReference; lastKnownFileType = sourcecode.c.objc; path = code_ex1Tests.m; sourceTree = "<group>"; };
/* End PBXFileReference section */

/* Begin PBXFrameworksBuildPhase section */
		BFFB0F6718F8847300E8636E /* Frameworks */ = {
			isa = PBXFrameworksBuildPhase;
			buildActionMask = 2147483647;
			files = (
				BFFB0F7018F8847300E8636E /* CoreGraphics.framework in Frameworks */,
				BFFB0F7218F8847300E8636E /* UIKit.framework in Frameworks */,
				BFFB0F6E18F8847300E8636E /* Foundation.framework in Frameworks */,
			);
			runOnlyForDeploymentPostprocessing = 0;
		};
		BFFB0F8818F8847300E8636E /* Frameworks */ = {
			isa = PBXFrameworksBuildPhase;
			buildActionMask = 2147483647;
			files = (
				BFFB0F8D18F8847300E8636E /* XCTest.framework in Frameworks */,
				BFFB0F8F18F8847300E8636E /* UIKit.framework in Frameworks */,
				BFFB0F8E18F8847300E8636E /* Foundation.framework in Frameworks */,
			);
			runOnlyForDeploymentPostprocessing = 0;
		};
/* End PBXFrameworksBuildPhase section */

/* Begin PBXGroup section */
		BFFB0F6118F8847300E8636E = {
			isa = PBXGroup;
			children = (
				BFFB0F7318F8847300E8636E /* code.ex1 */,
				BFFB0F9218F8847300E8636E /* code.ex1Tests */,
				BFFB0F6C18F8847300E8636E /* Frameworks */,
				BFFB0F6B18F8847300E8636E /* Products */,
			);
			sourceTree = "<group>";
		};
		BFFB0F6B18F8847300E8636E /* Products */ = {
			isa = PBXGroup;
			children = (
				BFFB0F6A18F8847300E8636E /* code.ex1.app */,
				BFFB0F8B18F8847300E8636E /* code.ex1Tests.xctest */,
			);
			name = Products;
			sourceTree = "<group>";
		};
		BFFB0F6C18F8847300E8636E /* Frameworks */ = {
			isa = PBXGroup;
			children = (
				BFFB0F6D18F8847300E8636E /* Foundation.framework */,
				BFFB0F6F18F8847300E8636E /* CoreGraphics.framework */,
				BFFB0F7118F8847300E8636E /* UIKit.framework */,
				BFFB0F8C18F8847300E8636E /* XCTest.framework */,
			);
			name = Frameworks;
			sourceTree = "<group>";
		};
		BFFB0F7318F8847300E8636E /* code.ex1 */ = {
			isa = PBXGroup;
			children = (
				BFFB0F7C18F8847300E8636E /* XYZAppDelegate.h */,
				BFFB0F7D18F8847300E8636E /* XYZAppDelegate.m */,
				BFFB0F7F18F8847300E8636E /* Main.storyboard */,
				BFFB0F8218F8847300E8636E /* XYZViewController.h */,
				BFFB0F8318F8847300E8636E /* XYZViewController.m */,
				BFFB0F8518F8847300E8636E /* Images.xcassets */,
				BFFB0F7418F8847300E8636E /* Supporting Files */,
			);
			path = code.ex1;
			sourceTree = "<group>";
		};
		BFFB0F7418F8847300E8636E /* Supporting Files */ = {
			isa = PBXGroup;
			children = (
				BFFB0F7518F8847300E8636E /* code.ex1-Info.plist */,
				BFFB0F7618F8847300E8636E /* InfoPlist.strings */,
				BFFB0F7918F8847300E8636E /* main.m */,
				BFFB0F7B18F8847300E8636E /* code.ex1-Prefix.pch */,
			);
			name = "Supporting Files";
			sourceTree = "<group>";
		};
		BFFB0F9218F8847300E8636E /* code.ex1Tests */ = {
			isa = PBXGroup;
			children = (
				BFFB0F9818F8847300E8636E /* code_ex1Tests.m */,
				BFFB0F9318F8847300E8636E /* Supporting Files */,
			);
			path = code.ex1Tests;
			sourceTree = "<group>";
		};
		BFFB0F9318F8847300E8636E /* Supporting Files */ = {
			isa = PBXGroup;
			children = (
				BFFB0F9418F8847300E8636E /* code.ex1Tests-Info.plist */,
				BFFB0F9518F8847300E8636E /* InfoPlist.strings */,
			);
			name = "Supporting Files";
			sourceTree = "<group>";
		};
/* End PBXGroup section */

/* Begin PBXNativeTarget section */
		BFFB0F6918F8847300E8636E /* code.ex1 */ = {
			isa = PBXNativeTarget;
			buildConfigurationList = BFFB0F9C18F8847300E8636E /* Build configuration list for PBXNativeTarget "code.ex1" */;
			buildPhases = (
				BFFB0F6618F8847300E8636E /* Sources */,
				BFFB0F6718F8847300E8636E /* Frameworks */,
				BFFB0F6818F8847300E8636E /* Resources */,
			);
			buildRules = (
			);
			dependencies = (
			);
			name = code.ex1;
			productName = code.ex1;
			productReference = BFFB0F6A18F8847300E8636E /* code.ex1.app */;
			productType = "com.apple.product-type.application";
		};
		BFFB0F8A18F8847300E8636E /* code.ex1Tests */ = {
			isa = PBXNativeTarget;
			buildConfigurationList = BFFB0F9F18F8847300E8636E /* Build configuration list for PBXNativeTarget "code.ex1Tests" */;
			buildPhases = (
				BFFB0F8718F8847300E8636E /* Sources */,
				BFFB0F8818F8847300E8636E /* Frameworks */,
				BFFB0F8918F8847300E8636E /* Resources */,
			);
			buildRules = (
			);
			dependencies = (
				BFFB0F9118F8847300E8636E /* PBXTargetDependency */,
			);
			name = code.ex1Tests;
			productName = code.ex1Tests;
			productReference = BFFB0F8B18F8847300E8636E /* code.ex1Tests.xctest */;
			productType = "com.apple.product-type.bundle.unit-test";
		};
/* End PBXNativeTarget section */

/* Begin PBXProject section */
		BFFB0F6218F8847300E8636E /* Project object */ = {
			isa = PBXProject;
			attributes = {
				CLASSPREFIX = XYZ;
				LastUpgradeCheck = 0510;
				ORGANIZATIONNAME = masa.com;
				TargetAttributes = {
					BFFB0F8A18F8847300E8636E = {
						TestTargetID = BFFB0F6918F8847300E8636E;
					};
				};
			};
			buildConfigurationList = BFFB0F6518F8847300E8636E /* Build configuration list for PBXProject "code.ex1" */;
			compatibilityVersion = "Xcode 3.2";
			developmentRegion = English;
			hasScannedForEncodings = 0;
			knownRegions = (
				en,
				Base,
			);
			mainGroup = BFFB0F6118F8847300E8636E;
			productRefGroup = BFFB0F6B18F8847300E8636E /* Products */;
			projectDirPath = "";
			projectRoot = "";
			targets = (
				BFFB0F6918F8847300E8636E /* code.ex1 */,
				BFFB0F8A18F8847300E8636E /* code.ex1Tests */,
			);
		};
/* End PBXProject section */

/* Begin PBXResourcesBuildPhase section */
		BFFB0F6818F8847300E8636E /* Resources */ = {
			isa = PBXResourcesBuildPhase;
			buildActionMask = 2147483647;
			files = (
				BFFB0F8618F8847300E8636E /* Images.xcassets in Resources */,
				BFFB0F7818F8847300E8636E /* InfoPlist.strings in Resources */,
				BFFB0F8118F8847300E8636E /* Main.storyboard in Resources */,
			);
			runOnlyForDeploymentPostprocessing = 0;
		};
		BFFB0F8918F8847300E8636E /* Resources */ = {
			isa = PBXResourcesBuildPhase;
			buildActionMask = 2147483647;
			files = (
				BFFB0F9718F8847300E8636E /* InfoPlist.strings in Resources */,
			);
			runOnlyForDeploymentPostprocessing = 0;
		};
/* End PBXResourcesBuildPhase section */

/* Begin PBXSourcesBuildPhase section */
		BFFB0F6618F8847300E8636E /* Sources */ = {
			isa = PBXSourcesBuildPhase;
			buildActionMask = 2147483647;
			files = (
				BFFB0F8418F8847300E8636E /* XYZViewController.m in Sources */,
				BFFB0F7E18F8847300E8636E /* XYZAppDelegate.m in Sources */,
				BFFB0F7A18F8847300E8636E /* main.m in Sources */,
			);
			runOnlyForDeploymentPostprocessing = 0;
		};
		BFFB0F8718F8847300E8636E /* Sources */ = {
			isa = PBXSourcesBuildPhase;
			buildActionMask = 2147483647;
			files = (
				BFFB0F9918F8847300E8636E /* code_ex1Tests.m in Sources */,
			);
			runOnlyForDeploymentPostprocessing = 0;
		};
/* End PBXSourcesBuildPhase section */

/* Begin PBXTargetDependency section */
		BFFB0F9118F8847300E8636E /* PBXTargetDependency */ = {
			isa = PBXTargetDependency;
			target = BFFB0F6918F8847300E8636E /* code.ex1 */;
			targetProxy = BFFB0F9018F8847300E8636E /* PBXContainerItemProxy */;
		};
/* End PBXTargetDependency section */

/* Begin PBXVariantGroup section */
		BFFB0F7618F8847300E8636E /* InfoPlist.strings */ = {
			isa = PBXVariantGroup;
			children = (
				BFFB0F7718F8847300E8636E /* en */,
			);
			name = InfoPlist.strings;
			sourceTree = "<group>";
		};
		BFFB0F7F18F8847300E8636E /* Main.storyboard */ = {
			isa = PBXVariantGroup;
			children = (
				BFFB0F8018F8847300E8636E /* Base */,
			);
			name = Main.storyboard;
			sourceTree = "<group>";
		};
		BFFB0F9518F8847300E8636E /* InfoPlist.strings */ = {
			isa = PBXVariantGroup;
			children = (
				BFFB0F9618F8847300E8636E /* en */,
			);
			name = InfoPlist.strings;
			sourceTree = "<group>";
		};
/* End PBXVariantGroup section */

/* Begin XCBuildConfiguration section */
		BFFB0F9A18F8847300E8636E /* Debug */ = {
			isa = XCBuildConfiguration;
			buildSettings = {
				ALWAYS_SEARCH_USER_PATHS = NO;
				CLANG_CXX_LANGUAGE_STANDARD = "gnu++0x";
				CLANG_CXX_LIBRARY = "libc++";
				CLANG_ENABLE_MODULES = YES;
				CLANG_ENABLE_OBJC_ARC = YES;
				CLANG_WARN_BOOL_CONVERSION = YES;
				CLANG_WARN_CONSTANT_CONVERSION = YES;
				CLANG_WARN_DIRECT_OBJC_ISA_USAGE = YES_ERROR;
				CLANG_WARN_EMPTY_BODY = YES;
				CLANG_WARN_ENUM_CONVERSION = YES;
				CLANG_WARN_INT_CONVERSION = YES;
				CLANG_WARN_OBJC_ROOT_CLASS = YES_ERROR;
				CLANG_WARN__DUPLICATE_METHOD_MATCH = YES;
				"CODE_SIGN_IDENTITY[sdk=iphoneos*]" = "iPhone Developer";
				COPY_PHASE_STRIP = NO;
				GCC_C_LANGUAGE_STANDARD = gnu99;
				GCC_DYNAMIC_NO_PIC = NO;
				GCC_OPTIMIZATION_LEVEL = 0;
				GCC_PREPROCESSOR_DEFINITIONS = (
					"DEBUG=1",
					"$(inherited)",
				);
				GCC_SYMBOLS_PRIVATE_EXTERN = NO;
				GCC_WARN_64_TO_32_BIT_CONVERSION = YES;
				GCC_WARN_ABOUT_RETURN_TYPE = YES_ERROR;
				GCC_WARN_UNDECLARED_SELECTOR = YES;
				GCC_WARN_UNINITIALIZED_AUTOS = YES_AGGRESSIVE;
				GCC_WARN_UNUSED_FUNCTION = YES;
				GCC_WARN_UNUSED_VARIABLE = YES;
				IPHONEOS_DEPLOYMENT_TARGET = 7.1;
				ONLY_ACTIVE_ARCH = YES;
				SDKROOT = iphoneos;
			};
			name = Debug;
		};
		BFFB0F9B18F8847300E8636E /* Release */ = {
			isa = XCBuildConfiguration;
			buildSettings = {
				ALWAYS_SEARCH_USER_PATHS = NO;
				CLANG_CXX_LANGUAGE_STANDARD = "gnu++0x";
				CLANG_CXX_LIBRARY = "libc++";
				CLANG_ENABLE_MODULES = YES;
				CLANG_ENABLE_OBJC_ARC = YES;
				CLANG_WARN_BOOL_CONVERSION = YES;
				CLANG_WARN_CONSTANT_CONVERSION = YES;
				CLANG_WARN_DIRECT_OBJC_ISA_USAGE = YES_ERROR;
				CLANG_WARN_EMPTY_BODY = YES;
				CLANG_WARN_ENUM_CONVERSION = YES;
				CLANG_WARN_INT_CONVERSION = YES;
				CLANG_WARN_OBJC_ROOT_CLASS = YES_ERROR;
				CLANG_WARN__DUPLICATE_METHOD_MATCH = YES;
				"CODE_SIGN_IDENTITY[sdk=iphoneos*]" = "iPhone Developer";
				COPY_PHASE_STRIP = YES;
				ENABLE_NS_ASSERTIONS = NO;
				GCC_C_LANGUAGE_STANDARD = gnu99;
				GCC_WARN_64_TO_32_BIT_CONVERSION = YES;
				GCC_WARN_ABOUT_RETURN_TYPE = YES_ERROR;
				GCC_WARN_UNDECLARED_SELECTOR = YES;
				GCC_WARN_UNINITIALIZED_AUTOS = YES_AGGRESSIVE;
				GCC_WARN_UNUSED_FUNCTION = YES;
				GCC_WARN_UNUSED_VARIABLE = YES;
				IPHONEOS_DEPLOYMENT_TARGET = 7.1;
				SDKROOT = iphoneos;
				VALIDATE_PRODUCT = YES;
			};
			name = Release;
		};
		BFFB0F9D18F8847300E8636E /* Debug */ = {
			isa = XCBuildConfiguration;
			buildSettings = {
				ASSETCATALOG_COMPILER_APPICON_NAME = AppIcon;
				ASSETCATALOG_COMPILER_LAUNCHIMAGE_NAME = LaunchImage;
				GCC_PRECOMPILE_PREFIX_HEADER = YES;
				GCC_PREFIX_HEADER = "code.ex1/code.ex1-Prefix.pch";
				INFOPLIST_FILE = "code.ex1/code.ex1-Info.plist";
				PRODUCT_NAME = "$(TARGET_NAME)";
				WRAPPER_EXTENSION = app;
			};
			name = Debug;
		};
		BFFB0F9E18F8847300E8636E /* Release */ = {
			isa = XCBuildConfiguration;
			buildSettings = {
				ASSETCATALOG_COMPILER_APPICON_NAME = AppIcon;
				ASSETCATALOG_COMPILER_LAUNCHIMAGE_NAME = LaunchImage;
				GCC_PRECOMPILE_PREFIX_HEADER = YES;
				GCC_PREFIX_HEADER = "code.ex1/code.ex1-Prefix.pch";
				INFOPLIST_FILE = "code.ex1/code.ex1-Info.plist";
				PRODUCT_NAME = "$(TARGET_NAME)";
				WRAPPER_EXTENSION = app;
			};
			name = Release;
		};
		BFFB0FA018F8847300E8636E /* Debug */ = {
			isa = XCBuildConfiguration;
			buildSettings = {
				BUNDLE_LOADER = "$(BUILT_PRODUCTS_DIR)/code.ex1.app/code.ex1";
				FRAMEWORK_SEARCH_PATHS = (
					"$(SDKROOT)/Developer/Library/Frameworks",
					"$(inherited)",
					"$(DEVELOPER_FRAMEWORKS_DIR)",
				);
				GCC_PRECOMPILE_PREFIX_HEADER = YES;
				GCC_PREFIX_HEADER = "code.ex1/code.ex1-Prefix.pch";
				GCC_PREPROCESSOR_DEFINITIONS = (
					"DEBUG=1",
					"$(inherited)",
				);
				INFOPLIST_FILE = "code.ex1Tests/code.ex1Tests-Info.plist";
				PRODUCT_NAME = "$(TARGET_NAME)";
				TEST_HOST = "$(BUNDLE_LOADER)";
				WRAPPER_EXTENSION = xctest;
			};
			name = Debug;
		};
		BFFB0FA118F8847300E8636E /* Release */ = {
			isa = XCBuildConfiguration;
			buildSettings = {
				BUNDLE_LOADER = "$(BUILT_PRODUCTS_DIR)/code.ex1.app/code.ex1";
				FRAMEWORK_SEARCH_PATHS = (
					"$(SDKROOT)/Developer/Library/Frameworks",
					"$(inherited)",
					"$(DEVELOPER_FRAMEWORKS_DIR)",
				);
				GCC_PRECOMPILE_PREFIX_HEADER = YES;
				GCC_PREFIX_HEADER = "code.ex1/code.ex1-Prefix.pch";
				INFOPLIST_FILE = "code.ex1Tests/code.ex1Tests-Info.plist";
				PRODUCT_NAME = "$(TARGET_NAME)";
				TEST_HOST = "$(BUNDLE_LOADER)";
				WRAPPER_EXTENSION = xctest;
			};
			name = Release;
		};
/* End XCBuildConfiguration section */

/* Begin XCConfigurationList section */
		BFFB0F6518F8847300E8636E /* Build configuration list for PBXProject "code.ex1" */ = {
			isa = XCConfigurationList;
			buildConfigurations = (
				BFFB0F9A18F8847300E8636E /* Debug */,
				BFFB0F9B18F8847300E8636E /* Release */,
			);
			defaultConfigurationIsVisible = 0;
			defaultConfigurationName = Release;
		};
		BFFB0F9C18F8847300E8636E /* Build configuration list for PBXNativeTarget "code.ex1" */ = {
			isa = XCConfigurationList;
			buildConfigurations = (
				BFFB0F9D18F8847300E8636E /* Debug */,
				BFFB0F9E18F8847300E8636E /* Release */,
			);
			defaultConfigurationIsVisible = 0;
		};
		BFFB0F9F18F8847300E8636E /* Build configuration list for PBXNativeTarget "code.ex1Tests" */ = {
			isa = XCConfigurationList;
			buildConfigurations = (
				BFFB0FA018F8847300E8636E /* Debug */,
				BFFB0FA118F8847300E8636E /* Release */,
			);
			defaultConfigurationIsVisible = 0;
		};
/* End XCConfigurationList section */
	};
	rootObject = BFFB0F6218F8847300E8636E /* Project object */;
}
